
Microsoft Visual Studio Solution File, Format Version 12.00
# Visual Studio Version 16
VisualStudioVersion = 16.0.31129.286
MinimumVisualStudioVersion = 10.0.40219.1
Project("{FAE04EC0-301F-11D3-BF4B-00C04F79EFBC}") = "Paint", "Paint\Paint.csproj", "{CEB6FE2A-D351-4BA3-A633-91E67E78FBBF}"
EndProject
Global
	GlobalSection(SolutionConfigurationPlatforms) = preSolution
		Debug|Any CPU = Debug|Any CPU
		Release|Any CPU = Release|Any CPU
	EndGlobalSection
	GlobalSection(ProjectConfigurationPlatforms) = postSolution
		{CEB6FE2A-D351-4BA3-A633-91E67E78FBBF}.Debug|Any CPU.ActiveCfg = Debug|Any CPU
		{CEB6FE2A-D351-4BA3-A633-91E67E78FBBF}.Debug|Any CPU.Build.0 = Debug|Any CPU
		{CEB6FE2A-D351-4BA3-A633-91E67E78FBBF}.Release|Any CPU.ActiveCfg = Release|Any CPU
		{CEB6FE2A-D351-4BA3-A633-91E67E78FBBF}.Release|Any CPU.Build.0 = Release|Any CPU
	EndGlobalSection
	GlobalSection(SolutionProperties) = preSolution
		HideSolutionNode = FALSE
	EndGlobalSection
	GlobalSection(ExtensibilityGlobals) = postSolution
		SolutionGuid = {E1409039-56EA-4DD1-B2F6-B45FB4C78027}
	EndGlobalSection
EndGlobal
